// !$*UTF8*$!
{
	archiveVersion = 1;
	classes = {
	};
	objectVersion = 46;
	objects = {

/* Begin PBXBuildFile section */
		8510504F1C2AF8110073559D /* AppDelegate.swift in Sources */ = {isa = PBXBuildFile; fileRef = 8510504E1C2AF8110073559D /* AppDelegate.swift */; };
		851050511C2AF8110073559D /* MapViewController.swift in Sources */ = {isa = PBXBuildFile; fileRef = 851050501C2AF8110073559D /* MapViewController.swift */; };
		851050541C2AF8110073559D /* Main.storyboard in Resources */ = {isa = PBXBuildFile; fileRef = 851050521C2AF8110073559D /* Main.storyboard */; };
		851050591C2AF8110073559D /* Assets.xcassets in Resources */ = {isa = PBXBuildFile; fileRef = 851050581C2AF8110073559D /* Assets.xcassets */; };
		8510505C1C2AF8110073559D /* LaunchScreen.storyboard in Resources */ = {isa = PBXBuildFile; fileRef = 8510505A1C2AF8110073559D /* LaunchScreen.storyboard */; };
		851050641C2AF8930073559D /* CoreDataStackManager.swift in Sources */ = {isa = PBXBuildFile; fileRef = 851050631C2AF8930073559D /* CoreDataStackManager.swift */; };
		851050671C2B1CDB0073559D /* Pin.swift in Sources */ = {isa = PBXBuildFile; fileRef = 851050661C2B1CDB0073559D /* Pin.swift */; };
		851050691C2B1F390073559D /* Photo.swift in Sources */ = {isa = PBXBuildFile; fileRef = 851050681C2B1F380073559D /* Photo.swift */; };
		8510506C1C3148CA0073559D /* MapKit.framework in Frameworks */ = {isa = PBXBuildFile; fileRef = 8510506B1C3148CA0073559D /* MapKit.framework */; };
		8510506E1C315F4E0073559D /* MapViewControllerMKMapViewDelegate.swift in Sources */ = {isa = PBXBuildFile; fileRef = 8510506D1C315F4E0073559D /* MapViewControllerMKMapViewDelegate.swift */; };
		851050721C334CC30073559D /* FlickrManager.swift in Sources */ = {isa = PBXBuildFile; fileRef = 851050711C334CC30073559D /* FlickrManager.swift */; };
		851050761C33D4620073559D /* FlickManagerConstants.swift in Sources */ = {isa = PBXBuildFile; fileRef = 851050751C33D4620073559D /* FlickManagerConstants.swift */; };
		8510507A1C33F69B0073559D /* FlickrManagerConvinience.swift in Sources */ = {isa = PBXBuildFile; fileRef = 851050791C33F69B0073559D /* FlickrManagerConvinience.swift */; };
		8510507C1C3885AB0073559D /* PinDetailViewController.swift in Sources */ = {isa = PBXBuildFile; fileRef = 8510507B1C3885AA0073559D /* PinDetailViewController.swift */; };
		8510507E1C3AB0E30073559D /* PinDetailViewCell.swift in Sources */ = {isa = PBXBuildFile; fileRef = 8510507D1C3AB0E20073559D /* PinDetailViewCell.swift */; };
		85149AB51C41E2D6006EBB2C /* GCDconvinienceAPI.swift in Sources */ = {isa = PBXBuildFile; fileRef = 85149AB41C41E2D6006EBB2C /* GCDconvinienceAPI.swift */; };
		853B02B81C3E0F1800652179 /* VirtualTourist.xcdatamodeld in Sources */ = {isa = PBXBuildFile; fileRef = 853B02B61C3E0F1800652179 /* VirtualTourist.xcdatamodeld */; };
		853B02E21C3F047600652179 /* PhotoCollectionViewDelegate.swift in Sources */ = {isa = PBXBuildFile; fileRef = 853B02E11C3F047600652179 /* PhotoCollectionViewDelegate.swift */; };
		853B02E41C3F117600652179 /* PinDetailViewControllerFRCDelegate.swift in Sources */ = {isa = PBXBuildFile; fileRef = 853B02E31C3F117600652179 /* PinDetailViewControllerFRCDelegate.swift */; };
/* End PBXBuildFile section */

/* Begin PBXFileReference section */
		8510504B1C2AF8110073559D /* VirtualTourist.app */ = {isa = PBXFileReference; explicitFileType = wrapper.application; includeInIndex = 0; path = VirtualTourist.app; sourceTree = BUILT_PRODUCTS_DIR; };
		8510504E1C2AF8110073559D /* AppDelegate.swift */ = {isa = PBXFileReference; lastKnownFileType = sourcecode.swift; path = AppDelegate.swift; sourceTree = "<group>"; };
		851050501C2AF8110073559D /* MapViewController.swift */ = {isa = PBXFileReference; lastKnownFileType = sourcecode.swift; path = MapViewController.swift; sourceTree = "<group>"; };
		851050531C2AF8110073559D /* Base */ = {isa = PBXFileReference; lastKnownFileType = file.storyboard; name = Base; path = Base.lproj/Main.storyboard; sourceTree = "<group>"; };
		851050581C2AF8110073559D /* Assets.xcassets */ = {isa = PBXFileReference; lastKnownFileType = folder.assetcatalog; path = Assets.xcassets; sourceTree = "<group>"; };
		8510505B1C2AF8110073559D /* Base */ = {isa = PBXFileReference; lastKnownFileType = file.storyboard; name = Base; path = Base.lproj/LaunchScreen.storyboard; sourceTree = "<group>"; };
		8510505D1C2AF8110073559D /* Info.plist */ = {isa = PBXFileReference; lastKnownFileType = text.plist.xml; path = Info.plist; sourceTree = "<group>"; };
		851050631C2AF8930073559D /* CoreDataStackManager.swift */ = {isa = PBXFileReference; fileEncoding = 4; lastKnownFileType = sourcecode.swift; name = CoreDataStackManager.swift; path = VirtualTourist/CoreDataStackManager.swift; sourceTree = "<group>"; };
		851050661C2B1CDB0073559D /* Pin.swift */ = {isa = PBXFileReference; fileEncoding = 4; lastKnownFileType = sourcecode.swift; path = Pin.swift; sourceTree = "<group>"; };
		851050681C2B1F380073559D /* Photo.swift */ = {isa = PBXFileReference; fileEncoding = 4; lastKnownFileType = sourcecode.swift; path = Photo.swift; sourceTree = "<group>"; };
		8510506B1C3148CA0073559D /* MapKit.framework */ = {isa = PBXFileReference; lastKnownFileType = wrapper.framework; name = MapKit.framework; path = System/Library/Frameworks/MapKit.framework; sourceTree = SDKROOT; };
		8510506D1C315F4E0073559D /* MapViewControllerMKMapViewDelegate.swift */ = {isa = PBXFileReference; fileEncoding = 4; lastKnownFileType = sourcecode.swift; path = MapViewControllerMKMapViewDelegate.swift; sourceTree = "<group>"; };
		851050711C334CC30073559D /* FlickrManager.swift */ = {isa = PBXFileReference; fileEncoding = 4; lastKnownFileType = sourcecode.swift; path = FlickrManager.swift; sourceTree = "<group>"; };
		851050751C33D4620073559D /* FlickManagerConstants.swift */ = {isa = PBXFileReference; fileEncoding = 4; lastKnownFileType = sourcecode.swift; path = FlickManagerConstants.swift; sourceTree = "<group>"; };
		851050791C33F69B0073559D /* FlickrManagerConvinience.swift */ = {isa = PBXFileReference; fileEncoding = 4; lastKnownFileType = sourcecode.swift; path = FlickrManagerConvinience.swift; sourceTree = "<group>"; };
		8510507B1C3885AA0073559D /* PinDetailViewController.swift */ = {isa = PBXFileReference; fileEncoding = 4; lastKnownFileType = sourcecode.swift; path = PinDetailViewController.swift; sourceTree = "<group>"; };
		8510507D1C3AB0E20073559D /* PinDetailViewCell.swift */ = {isa = PBXFileReference; fileEncoding = 4; lastKnownFileType = sourcecode.swift; path = PinDetailViewCell.swift; sourceTree = "<group>"; };
		85149AB41C41E2D6006EBB2C /* GCDconvinienceAPI.swift */ = {isa = PBXFileReference; fileEncoding = 4; lastKnownFileType = sourcecode.swift; path = GCDconvinienceAPI.swift; sourceTree = "<group>"; };
		853B02B71C3E0F1800652179 /* VirtualTourist.xcdatamodel */ = {isa = PBXFileReference; lastKnownFileType = wrapper.xcdatamodel; path = VirtualTourist.xcdatamodel; sourceTree = "<group>"; };
		853B02E11C3F047600652179 /* PhotoCollectionViewDelegate.swift */ = {isa = PBXFileReference; fileEncoding = 4; lastKnownFileType = sourcecode.swift; path = PhotoCollectionViewDelegate.swift; sourceTree = "<group>"; };
		853B02E31C3F117600652179 /* PinDetailViewControllerFRCDelegate.swift */ = {isa = PBXFileReference; fileEncoding = 4; lastKnownFileType = sourcecode.swift; path = PinDetailViewControllerFRCDelegate.swift; sourceTree = "<group>"; };
/* End PBXFileReference section */

/* Begin PBXFrameworksBuildPhase section */
		851050481C2AF8110073559D /* Frameworks */ = {
			isa = PBXFrameworksBuildPhase;
			buildActionMask = 2147483647;
			files = (
				8510506C1C3148CA0073559D /* MapKit.framework in Frameworks */,
			);
			runOnlyForDeploymentPostprocessing = 0;
		};
/* End PBXFrameworksBuildPhase section */

/* Begin PBXGroup section */
		851050421C2AF8110073559D = {
			isa = PBXGroup;
			children = (
				853B02B61C3E0F1800652179 /* VirtualTourist.xcdatamodeld */,
				8510506B1C3148CA0073559D /* MapKit.framework */,
				8510504D1C2AF8110073559D /* VirtualTourist */,
				8510504C1C2AF8110073559D /* Products */,
			);
			sourceTree = "<group>";
		};
		8510504C1C2AF8110073559D /* Products */ = {
			isa = PBXGroup;
			children = (
				8510504B1C2AF8110073559D /* VirtualTourist.app */,
			);
			name = Products;
			sourceTree = "<group>";
		};
		8510504D1C2AF8110073559D /* VirtualTourist */ = {
			isa = PBXGroup;
			children = (
				8510504E1C2AF8110073559D /* AppDelegate.swift */,
				851050651C2B1C670073559D /* Model */,
				8510507F1C3AB0F50073559D /* View */,
				8510506A1C313DFD0073559D /* Controller */,
				851050521C2AF8110073559D /* Main.storyboard */,
				851050581C2AF8110073559D /* Assets.xcassets */,
				8510505A1C2AF8110073559D /* LaunchScreen.storyboard */,
				8510505D1C2AF8110073559D /* Info.plist */,
			);
			path = VirtualTourist;
			sourceTree = "<group>";
		};
		851050651C2B1C670073559D /* Model */ = {
			isa = PBXGroup;
			children = (
				851050631C2AF8930073559D /* CoreDataStackManager.swift */,
				851050661C2B1CDB0073559D /* Pin.swift */,
				851050681C2B1F380073559D /* Photo.swift */,
				851050711C334CC30073559D /* FlickrManager.swift */,
				851050791C33F69B0073559D /* FlickrManagerConvinience.swift */,
				851050751C33D4620073559D /* FlickManagerConstants.swift */,
				85149AB41C41E2D6006EBB2C /* GCDconvinienceAPI.swift */,
			);
			name = Model;
			path = ..;
			sourceTree = "<group>";
		};
		8510506A1C313DFD0073559D /* Controller */ = {
			isa = PBXGroup;
			children = (
				851050501C2AF8110073559D /* MapViewController.swift */,
				8510507B1C3885AA0073559D /* PinDetailViewController.swift */,
				853B02DE1C3EDAC600652179 /* Delegate */,
			);
			name = Controller;
			sourceTree = "<group>";
		};
		8510507F1C3AB0F50073559D /* View */ = {
			isa = PBXGroup;
			children = (
				8510507D1C3AB0E20073559D /* PinDetailViewCell.swift */,
			);
			name = View;
			sourceTree = "<group>";
		};
		853B02DE1C3EDAC600652179 /* Delegate */ = {
			isa = PBXGroup;
			children = (
				8510506D1C315F4E0073559D /* MapViewControllerMKMapViewDelegate.swift */,
				853B02E11C3F047600652179 /* PhotoCollectionViewDelegate.swift */,
				853B02E31C3F117600652179 /* PinDetailViewControllerFRCDelegate.swift */,
			);
			name = Delegate;
			sourceTree = "<group>";
		};
/* End PBXGroup section */

/* Begin PBXNativeTarget section */
		8510504A1C2AF8110073559D /* VirtualTourist */ = {
			isa = PBXNativeTarget;
			buildConfigurationList = 851050601C2AF8110073559D /* Build configuration list for PBXNativeTarget "VirtualTourist" */;
			buildPhases = (
				851050471C2AF8110073559D /* Sources */,
				851050481C2AF8110073559D /* Frameworks */,
				851050491C2AF8110073559D /* Resources */,
			);
			buildRules = (
			);
			dependencies = (
			);
			name = VirtualTourist;
			productName = VirtualTourist;
			productReference = 8510504B1C2AF8110073559D /* VirtualTourist.app */;
			productType = "com.apple.product-type.application";
		};
/* End PBXNativeTarget section */

/* Begin PBXProject section */
		851050431C2AF8110073559D /* Project object */ = {
			isa = PBXProject;
			attributes = {
				LastSwiftUpdateCheck = 0720;
				LastUpgradeCheck = 0720;
				ORGANIZATIONNAME = Sergei;
				TargetAttributes = {
					8510504A1C2AF8110073559D = {
						CreatedOnToolsVersion = 7.2;
						DevelopmentTeam = NDE4KZE7S8;
						SystemCapabilities = {
							com.apple.Maps.iOS = {
								enabled = 1;
							};
						};
					};
				};
			};
			buildConfigurationList = 851050461C2AF8110073559D /* Build configuration list for PBXProject "VirtualTourist" */;
			compatibilityVersion = "Xcode 3.2";
			developmentRegion = English;
			hasScannedForEncodings = 0;
			knownRegions = (
				en,
				Base,
			);
			mainGroup = 851050421C2AF8110073559D;
			productRefGroup = 8510504C1C2AF8110073559D /* Products */;
			projectDirPath = "";
			projectRoot = "";
			targets = (
				8510504A1C2AF8110073559D /* VirtualTourist */,
			);
		};
/* End PBXProject section */

/* Begin PBXResourcesBuildPhase section */
		851050491C2AF8110073559D /* Resources */ = {
			isa = PBXResourcesBuildPhase;
			buildActionMask = 2147483647;
			files = (
				8510505C1C2AF8110073559D /* LaunchScreen.storyboard in Resources */,
				851050591C2AF8110073559D /* Assets.xcassets in Resources */,
				851050541C2AF8110073559D /* Main.storyboard in Resources */,
			);
			runOnlyForDeploymentPostprocessing = 0;
		};
/* End PBXResourcesBuildPhase section */

/* Begin PBXSourcesBuildPhase section */
		851050471C2AF8110073559D /* Sources */ = {
			isa = PBXSourcesBuildPhase;
			buildActionMask = 2147483647;
			files = (
				853B02B81C3E0F1800652179 /* VirtualTourist.xcdatamodeld in Sources */,
				851050691C2B1F390073559D /* Photo.swift in Sources */,
				851050671C2B1CDB0073559D /* Pin.swift in Sources */,
				851050511C2AF8110073559D /* MapViewController.swift in Sources */,
				8510507A1C33F69B0073559D /* FlickrManagerConvinience.swift in Sources */,
				8510507E1C3AB0E30073559D /* PinDetailViewCell.swift in Sources */,
				85149AB51C41E2D6006EBB2C /* GCDconvinienceAPI.swift in Sources */,
				853B02E21C3F047600652179 /* PhotoCollectionViewDelegate.swift in Sources */,
				8510507C1C3885AB0073559D /* PinDetailViewController.swift in Sources */,
				853B02E41C3F117600652179 /* PinDetailViewControllerFRCDelegate.swift in Sources */,
				851050641C2AF8930073559D /* CoreDataStackManager.swift in Sources */,
				851050721C334CC30073559D /* FlickrManager.swift in Sources */,
				8510504F1C2AF8110073559D /* AppDelegate.swift in Sources */,
				851050761C33D4620073559D /* FlickManagerConstants.swift in Sources */,
				8510506E1C315F4E0073559D /* MapViewControllerMKMapViewDelegate.swift in Sources */,
			);
			runOnlyForDeploymentPostprocessing = 0;
		};
/* End PBXSourcesBuildPhase section */

/* Begin PBXVariantGroup section */
		851050521C2AF8110073559D /* Main.storyboard */ = {
			isa = PBXVariantGroup;
			children = (
				851050531C2AF8110073559D /* Base */,
			);
			name = Main.storyboard;
			sourceTree = "<group>";
		};
		8510505A1C2AF8110073559D /* LaunchScreen.storyboard */ = {
			isa = PBXVariantGroup;
			children = (
				8510505B1C2AF8110073559D /* Base */,
			);
			name = LaunchScreen.storyboard;
			sourceTree = "<group>";
		};
/* End PBXVariantGroup section */

/* Begin XCBuildConfiguration section */
		8510505E1C2AF8110073559D /* Debug */ = {
			isa = XCBuildConfiguration;
			buildSettings = {
				ALWAYS_SEARCH_USER_PATHS = NO;
				CLANG_CXX_LANGUAGE_STANDARD = "gnu++0x";
				CLANG_CXX_LIBRARY = "libc++";
				CLANG_ENABLE_MODULES = YES;
				CLANG_ENABLE_OBJC_ARC = YES;
				CLANG_WARN_BOOL_CONVERSION = YES;
				CLANG_WARN_CONSTANT_CONVERSION = YES;
				CLANG_WARN_DIRECT_OBJC_ISA_USAGE = YES_ERROR;
				CLANG_WARN_EMPTY_BODY = YES;
				CLANG_WARN_ENUM_CONVERSION = YES;
				CLANG_WARN_INT_CONVERSION = YES;
				CLANG_WARN_OBJC_ROOT_CLASS = YES_ERROR;
				CLANG_WARN_UNREACHABLE_CODE = YES;
				CLANG_WARN__DUPLICATE_METHOD_MATCH = YES;
				"CODE_SIGN_IDENTITY[sdk=iphoneos*]" = "iPhone Developer";
				COPY_PHASE_STRIP = NO;
				DEBUG_INFORMATION_FORMAT = dwarf;
				ENABLE_STRICT_OBJC_MSGSEND = YES;
				ENABLE_TESTABILITY = YES;
				GCC_C_LANGUAGE_STANDARD = gnu99;
				GCC_DYNAMIC_NO_PIC = NO;
				GCC_NO_COMMON_BLOCKS = YES;
				GCC_OPTIMIZATION_LEVEL = 0;
				GCC_PREPROCESSOR_DEFINITIONS = (
					"DEBUG=1",
					"$(inherited)",
				);
				GCC_WARN_64_TO_32_BIT_CONVERSION = YES;
				GCC_WARN_ABOUT_RETURN_TYPE = YES_ERROR;
				GCC_WARN_UNDECLARED_SELECTOR = YES;
				GCC_WARN_UNINITIALIZED_AUTOS = YES_AGGRESSIVE;
				GCC_WARN_UNUSED_FUNCTION = YES;
				GCC_WARN_UNUSED_VARIABLE = YES;
				IPHONEOS_DEPLOYMENT_TARGET = 9.2;
				MTL_ENABLE_DEBUG_INFO = YES;
				ONLY_ACTIVE_ARCH = YES;
				SDKROOT = iphoneos;
				SWIFT_OPTIMIZATION_LEVEL = "-Onone";
			};
			name = Debug;
		};
		8510505F1C2AF8110073559D /* Release */ = {
			isa = XCBuildConfiguration;
			buildSettings = {
				ALWAYS_SEARCH_USER_PATHS = NO;
				CLANG_CXX_LANGUAGE_STANDARD = "gnu++0x";
				CLANG_CXX_LIBRARY = "libc++";
				CLANG_ENABLE_MODULES = YES;
				CLANG_ENABLE_OBJC_ARC = YES;
				CLANG_WARN_BOOL_CONVERSION = YES;
				CLANG_WARN_CONSTANT_CONVERSION = YES;
				CLANG_WARN_DIRECT_OBJC_ISA_USAGE = YES_ERROR;
				CLANG_WARN_EMPTY_BODY = YES;
				CLANG_WARN_ENUM_CONVERSION = YES;
				CLANG_WARN_INT_CONVERSION = YES;
				CLANG_WARN_OBJC_ROOT_CLASS = YES_ERROR;
				CLANG_WARN_UNREACHABLE_CODE = YES;
				CLANG_WARN__DUPLICATE_METHOD_MATCH = YES;
				"CODE_SIGN_IDENTITY[sdk=iphoneos*]" = "iPhone Developer";
				COPY_PHASE_STRIP = NO;
				DEBUG_INFORMATION_FORMAT = "dwarf-with-dsym";
				ENABLE_NS_ASSERTIONS = NO;
				ENABLE_STRICT_OBJC_MSGSEND = YES;
				GCC_C_LANGUAGE_STANDARD = gnu99;
				GCC_NO_COMMON_BLOCKS = YES;
				GCC_WARN_64_TO_32_BIT_CONVERSION = YES;
				GCC_WARN_ABOUT_RETURN_TYPE = YES_ERROR;
				GCC_WARN_UNDECLARED_SELECTOR = YES;
				GCC_WARN_UNINITIALIZED_AUTOS = YES_AGGRESSIVE;
				GCC_WARN_UNUSED_FUNCTION = YES;
				GCC_WARN_UNUSED_VARIABLE = YES;
				IPHONEOS_DEPLOYMENT_TARGET = 9.2;
				MTL_ENABLE_DEBUG_INFO = NO;
				SDKROOT = iphoneos;
				VALIDATE_PRODUCT = YES;
			};
			name = Release;
		};
		851050611C2AF8110073559D /* Debug */ = {
			isa = XCBuildConfiguration;
			buildSettings = {
				ASSETCATALOG_COMPILER_APPICON_NAME = AppIcon;
				INFOPLIST_FILE = VirtualTourist/Info.plist;
				LD_RUNPATH_SEARCH_PATHS = "$(inherited) @executable_path/Frameworks";
				PRODUCT_BUNDLE_IDENTIFIER = DTM.VirtualTourist;
				PRODUCT_NAME = "$(TARGET_NAME)";
			};
			name = Debug;
		};
		851050621C2AF8110073559D /* Release */ = {
			isa = XCBuildConfiguration;
			buildSettings = {
				ASSETCATALOG_COMPILER_APPICON_NAME = AppIcon;
				INFOPLIST_FILE = VirtualTourist/Info.plist;
				LD_RUNPATH_SEARCH_PATHS = "$(inherited) @executable_path/Frameworks";
				PRODUCT_BUNDLE_IDENTIFIER = DTM.VirtualTourist;
				PRODUCT_NAME = "$(TARGET_NAME)";
			};
			name = Release;
		};
/* End XCBuildConfiguration section */

/* Begin XCConfigurationList section */
		851050461C2AF8110073559D /* Build configuration list for PBXProject "VirtualTourist" */ = {
			isa = XCConfigurationList;
			buildConfigurations = (
				8510505E1C2AF8110073559D /* Debug */,
				8510505F1C2AF8110073559D /* Release */,
			);
			defaultConfigurationIsVisible = 0;
			defaultConfigurationName = Release;
		};
		851050601C2AF8110073559D /* Build configuration list for PBXNativeTarget "VirtualTourist" */ = {
			isa = XCConfigurationList;
			buildConfigurations = (
				851050611C2AF8110073559D /* Debug */,
				851050621C2AF8110073559D /* Release */,
			);
			defaultConfigurationIsVisible = 0;
			defaultConfigurationName = Release;
		};
/* End XCConfigurationList section */

/* Begin XCVersionGroup section */
		853B02B61C3E0F1800652179 /* VirtualTourist.xcdatamodeld */ = {
			isa = XCVersionGroup;
			children = (
				853B02B71C3E0F1800652179 /* VirtualTourist.xcdatamodel */,
			);
			currentVersion = 853B02B71C3E0F1800652179 /* VirtualTourist.xcdatamodel */;
			path = VirtualTourist.xcdatamodeld;
			sourceTree = "<group>";
			versionGroupType = wrapper.xcdatamodel;
		};
/* End XCVersionGroup section */
	};
	rootObject = 851050431C2AF8110073559D /* Project object */;
}
